
Microsoft Visual Studio Solution File, Format Version 12.00
# Visual Studio Version 17
VisualStudioVersion = 17.11.35327.3
MinimumVisualStudioVersion = 10.0.40219.1
Project("{FAE04EC0-301F-11D3-BF4B-00C04F79EFBC}") = "CarHistory", "CarHistory\CarHistory.csproj", "{0A3024C8-D05A-4049-8DA7-7EB8E1061F63}"
EndProject
Project("{FAE04EC0-301F-11D3-BF4B-00C04F79EFBC}") = "CarHistory.BusinessEntities", "CarHistory.BusinessEntities\CarHistory.BusinessEntities.csproj", "{D47DD046-31F0-4F66-9427-8720C2E35F27}"
EndProject
Project("{FAE04EC0-301F-11D3-BF4B-00C04F79EFBC}") = "CarHistory.DataAccess", "CarHistory.DataAccess\CarHistory.DataAccess.csproj", "{ADBEACFE-ED9F-4686-B225-0819D62F3085}"
EndProject
Project("{FAE04EC0-301F-11D3-BF4B-00C04F79EFBC}") = "CarHistory.BusinessLogic", "CarHistory.BusinessLogic\CarHistory.BusinessLogic.csproj", "{336E7BD8-B5DF-4E78-AA2D-AF21D8A15DC6}"
EndProject
Global
	GlobalSection(SolutionConfigurationPlatforms) = preSolution
		Debug|Any CPU = Debug|Any CPU
		Release|Any CPU = Release|Any CPU
	EndGlobalSection
	GlobalSection(ProjectConfigurationPlatforms) = postSolution
		{0A3024C8-D05A-4049-8DA7-7EB8E1061F63}.Debug|Any CPU.ActiveCfg = Debug|Any CPU
		{0A3024C8-D05A-4049-8DA7-7EB8E1061F63}.Debug|Any CPU.Build.0 = Debug|Any CPU
		{0A3024C8-D05A-4049-8DA7-7EB8E1061F63}.Release|Any CPU.ActiveCfg = Release|Any CPU
		{0A3024C8-D05A-4049-8DA7-7EB8E1061F63}.Release|Any CPU.Build.0 = Release|Any CPU
		{D47DD046-31F0-4F66-9427-8720C2E35F27}.Debug|Any CPU.ActiveCfg = Debug|Any CPU
		{D47DD046-31F0-4F66-9427-8720C2E35F27}.Debug|Any CPU.Build.0 = Debug|Any CPU
		{D47DD046-31F0-4F66-9427-8720C2E35F27}.Release|Any CPU.ActiveCfg = Release|Any CPU
		{D47DD046-31F0-4F66-9427-8720C2E35F27}.Release|Any CPU.Build.0 = Release|Any CPU
		{ADBEACFE-ED9F-4686-B225-0819D62F3085}.Debug|Any CPU.ActiveCfg = Debug|Any CPU
		{ADBEACFE-ED9F-4686-B225-0819D62F3085}.Debug|Any CPU.Build.0 = Debug|Any CPU
		{ADBEACFE-ED9F-4686-B225-0819D62F3085}.Release|Any CPU.ActiveCfg = Release|Any CPU
		{ADBEACFE-ED9F-4686-B225-0819D62F3085}.Release|Any CPU.Build.0 = Release|Any CPU
		{336E7BD8-B5DF-4E78-AA2D-AF21D8A15DC6}.Debug|Any CPU.ActiveCfg = Debug|Any CPU
		{336E7BD8-B5DF-4E78-AA2D-AF21D8A15DC6}.Debug|Any CPU.Build.0 = Debug|Any CPU
		{336E7BD8-B5DF-4E78-AA2D-AF21D8A15DC6}.Release|Any CPU.ActiveCfg = Release|Any CPU
		{336E7BD8-B5DF-4E78-AA2D-AF21D8A15DC6}.Release|Any CPU.Build.0 = Release|Any CPU
	EndGlobalSection
	GlobalSection(SolutionProperties) = preSolution
		HideSolutionNode = FALSE
	EndGlobalSection
	GlobalSection(ExtensibilityGlobals) = postSolution
		SolutionGuid = {A822B7D4-3540-471A-826A-5F45E24A3232}
	EndGlobalSection
EndGlobal
